{
  "name": "codes.t3.app",
  "lockfileVersion": 3,
  "requires": true,
  "packages": {
    "": {
      "dependencies": {
        "codex-monorepo": "github:openai/codex"
      }
    },
    "node_modules/codex-monorepo": {
      "resolved": "git+ssh://git@github.com/openai/codex.git#7880414a2728514ea4aaa619cb5db0ffa807556d",
      "engines": {
        "node": ">=22",
        "pnpm": ">=10.29.3"
      }
    }
  }
}
